// !$*UTF8*$!
{
	archiveVersion = 1;
	classes = {
	};
	objectVersion = 56;
	objects = {

/* Begin PBXBuildFile section */
		55BCF47D2BC1A07D00DE071C /* RCVRApp.swift in Sources */ = {isa = PBXBuildFile; fileRef = 55BCF47C2BC1A07D00DE071C /* RCVRApp.swift */; };
		55BCF4832BC1A07F00DE071C /* Assets.xcassets in Resources */ = {isa = PBXBuildFile; fileRef = 55BCF4822BC1A07F00DE071C /* Assets.xcassets */; };
		55BCF4862BC1A07F00DE071C /* Preview Assets.xcassets in Resources */ = {isa = PBXBuildFile; fileRef = 55BCF4852BC1A07F00DE071C /* Preview Assets.xcassets */; };
		55BCF4902BC1A07F00DE071C /* RCVRTests.swift in Sources */ = {isa = PBXBuildFile; fileRef = 55BCF48F2BC1A07F00DE071C /* RCVRTests.swift */; };
		55BCF49A2BC1A07F00DE071C /* RCVRUITests.swift in Sources */ = {isa = PBXBuildFile; fileRef = 55BCF4992BC1A07F00DE071C /* RCVRUITests.swift */; };
		55BCF49C2BC1A07F00DE071C /* RCVRUITestsLaunchTests.swift in Sources */ = {isa = PBXBuildFile; fileRef = 55BCF49B2BC1A07F00DE071C /* RCVRUITestsLaunchTests.swift */; };
		55BCF4A92BC1A0ED00DE071C /* README.md in Resources */ = {isa = PBXBuildFile; fileRef = 55BCF4A82BC1A0ED00DE071C /* README.md */; };
		55BCF4AF2BC20BF300DE071C /* Activity.swift in Sources */ = {isa = PBXBuildFile; fileRef = 55BCF4AE2BC20BF300DE071C /* Activity.swift */; };
		55BCF4B12BC20C3B00DE071C /* Medication.swift in Sources */ = {isa = PBXBuildFile; fileRef = 55BCF4B02BC20C3B00DE071C /* Medication.swift */; };
		55BCF4B32BC20C7300DE071C /* MedicationsView.swift in Sources */ = {isa = PBXBuildFile; fileRef = 55BCF4B22BC20C7300DE071C /* MedicationsView.swift */; };
		55BCF4B52BC20CF300DE071C /* LogMedicationView.swift in Sources */ = {isa = PBXBuildFile; fileRef = 55BCF4B42BC20CF300DE071C /* LogMedicationView.swift */; };
		55BCF4B72BC20DCC00DE071C /* MedicationHistoryView.swift in Sources */ = {isa = PBXBuildFile; fileRef = 55BCF4B62BC20DCC00DE071C /* MedicationHistoryView.swift */; };
		55BCF4B92BC20E1800DE071C /* Contemplation.swift in Sources */ = {isa = PBXBuildFile; fileRef = 55BCF4B82BC20E1800DE071C /* Contemplation.swift */; };
		55BCF4BB2BC20E3C00DE071C /* ContemplationView.swift in Sources */ = {isa = PBXBuildFile; fileRef = 55BCF4BA2BC20E3C00DE071C /* ContemplationView.swift */; };
		55BCF4BD2BC20EA600DE071C /* LogContemplationView.swift in Sources */ = {isa = PBXBuildFile; fileRef = 55BCF4BC2BC20EA600DE071C /* LogContemplationView.swift */; };
		55BCF4BF2BC20EDB00DE071C /* ContemplationsHistoryView.swift in Sources */ = {isa = PBXBuildFile; fileRef = 55BCF4BE2BC20EDB00DE071C /* ContemplationsHistoryView.swift */; };
		55BCF4C12BC20F4400DE071C /* Workout.swift in Sources */ = {isa = PBXBuildFile; fileRef = 55BCF4C02BC20F4400DE071C /* Workout.swift */; };
		55BCF4C32BC20FE300DE071C /* WorkoutView.swift in Sources */ = {isa = PBXBuildFile; fileRef = 55BCF4C22BC20FE300DE071C /* WorkoutView.swift */; };
		55BCF4C52BC2101100DE071C /* LogWorkoutView.swift in Sources */ = {isa = PBXBuildFile; fileRef = 55BCF4C42BC2101100DE071C /* LogWorkoutView.swift */; };
		55BCF4C72BC2104200DE071C /* WorkoutHistoryView.swift in Sources */ = {isa = PBXBuildFile; fileRef = 55BCF4C62BC2104200DE071C /* WorkoutHistoryView.swift */; };
		55CCFF332BC21A090093A6B3 /* Launch Screen.storyboard in Resources */ = {isa = PBXBuildFile; fileRef = 55CCFF322BC21A090093A6B3 /* Launch Screen.storyboard */; };
		55CCFF352BC2F9890093A6B3 /* MainView.swift in Sources */ = {isa = PBXBuildFile; fileRef = 55CCFF342BC2F9890093A6B3 /* MainView.swift */; };
/* End PBXBuildFile section */

/* Begin PBXContainerItemProxy section */
		55BCF48C2BC1A07F00DE071C /* PBXContainerItemProxy */ = {
			isa = PBXContainerItemProxy;
			containerPortal = 55BCF4712BC1A07D00DE071C /* Project object */;
			proxyType = 1;
			remoteGlobalIDString = 55BCF4782BC1A07D00DE071C;
			remoteInfo = RCVR;
		};
		55BCF4962BC1A07F00DE071C /* PBXContainerItemProxy */ = {
			isa = PBXContainerItemProxy;
			containerPortal = 55BCF4712BC1A07D00DE071C /* Project object */;
			proxyType = 1;
			remoteGlobalIDString = 55BCF4782BC1A07D00DE071C;
			remoteInfo = RCVR;
		};
/* End PBXContainerItemProxy section */

/* Begin PBXFileReference section */
		55BCF4792BC1A07D00DE071C /* RCVR.app */ = {isa = PBXFileReference; explicitFileType = wrapper.application; includeInIndex = 0; path = RCVR.app; sourceTree = BUILT_PRODUCTS_DIR; };
		55BCF47C2BC1A07D00DE071C /* RCVRApp.swift */ = {isa = PBXFileReference; lastKnownFileType = sourcecode.swift; path = RCVRApp.swift; sourceTree = "<group>"; };
		55BCF4822BC1A07F00DE071C /* Assets.xcassets */ = {isa = PBXFileReference; lastKnownFileType = folder.assetcatalog; path = Assets.xcassets; sourceTree = "<group>"; };
		55BCF4852BC1A07F00DE071C /* Preview Assets.xcassets */ = {isa = PBXFileReference; lastKnownFileType = folder.assetcatalog; path = "Preview Assets.xcassets"; sourceTree = "<group>"; };
		55BCF48B2BC1A07F00DE071C /* RCVRTests.xctest */ = {isa = PBXFileReference; explicitFileType = wrapper.cfbundle; includeInIndex = 0; path = RCVRTests.xctest; sourceTree = BUILT_PRODUCTS_DIR; };
		55BCF48F2BC1A07F00DE071C /* RCVRTests.swift */ = {isa = PBXFileReference; lastKnownFileType = sourcecode.swift; path = RCVRTests.swift; sourceTree = "<group>"; };
		55BCF4952BC1A07F00DE071C /* RCVRUITests.xctest */ = {isa = PBXFileReference; explicitFileType = wrapper.cfbundle; includeInIndex = 0; path = RCVRUITests.xctest; sourceTree = BUILT_PRODUCTS_DIR; };
		55BCF4992BC1A07F00DE071C /* RCVRUITests.swift */ = {isa = PBXFileReference; lastKnownFileType = sourcecode.swift; path = RCVRUITests.swift; sourceTree = "<group>"; };
		55BCF49B2BC1A07F00DE071C /* RCVRUITestsLaunchTests.swift */ = {isa = PBXFileReference; lastKnownFileType = sourcecode.swift; path = RCVRUITestsLaunchTests.swift; sourceTree = "<group>"; };
		55BCF4A82BC1A0ED00DE071C /* README.md */ = {isa = PBXFileReference; fileEncoding = 4; lastKnownFileType = net.daringfireball.markdown; name = README.md; path = ../README.md; sourceTree = "<group>"; };
		55BCF4AE2BC20BF300DE071C /* Activity.swift */ = {isa = PBXFileReference; lastKnownFileType = sourcecode.swift; path = Activity.swift; sourceTree = "<group>"; };
		55BCF4B02BC20C3B00DE071C /* Medication.swift */ = {isa = PBXFileReference; lastKnownFileType = sourcecode.swift; path = Medication.swift; sourceTree = "<group>"; };
		55BCF4B22BC20C7300DE071C /* MedicationsView.swift */ = {isa = PBXFileReference; lastKnownFileType = sourcecode.swift; path = MedicationsView.swift; sourceTree = "<group>"; };
		55BCF4B42BC20CF300DE071C /* LogMedicationView.swift */ = {isa = PBXFileReference; lastKnownFileType = sourcecode.swift; path = LogMedicationView.swift; sourceTree = "<group>"; };
		55BCF4B62BC20DCC00DE071C /* MedicationHistoryView.swift */ = {isa = PBXFileReference; lastKnownFileType = sourcecode.swift; path = MedicationHistoryView.swift; sourceTree = "<group>"; };
		55BCF4B82BC20E1800DE071C /* Contemplation.swift */ = {isa = PBXFileReference; lastKnownFileType = sourcecode.swift; path = Contemplation.swift; sourceTree = "<group>"; };
		55BCF4BA2BC20E3C00DE071C /* ContemplationView.swift */ = {isa = PBXFileReference; lastKnownFileType = sourcecode.swift; path = ContemplationView.swift; sourceTree = "<group>"; };
		55BCF4BC2BC20EA600DE071C /* LogContemplationView.swift */ = {isa = PBXFileReference; lastKnownFileType = sourcecode.swift; path = LogContemplationView.swift; sourceTree = "<group>"; };
		55BCF4BE2BC20EDB00DE071C /* ContemplationsHistoryView.swift */ = {isa = PBXFileReference; lastKnownFileType = sourcecode.swift; path = ContemplationsHistoryView.swift; sourceTree = "<group>"; };
		55BCF4C02BC20F4400DE071C /* Workout.swift */ = {isa = PBXFileReference; lastKnownFileType = sourcecode.swift; path = Workout.swift; sourceTree = "<group>"; };
		55BCF4C22BC20FE300DE071C /* WorkoutView.swift */ = {isa = PBXFileReference; lastKnownFileType = sourcecode.swift; path = WorkoutView.swift; sourceTree = "<group>"; };
		55BCF4C42BC2101100DE071C /* LogWorkoutView.swift */ = {isa = PBXFileReference; lastKnownFileType = sourcecode.swift; path = LogWorkoutView.swift; sourceTree = "<group>"; };
		55BCF4C62BC2104200DE071C /* WorkoutHistoryView.swift */ = {isa = PBXFileReference; lastKnownFileType = sourcecode.swift; path = WorkoutHistoryView.swift; sourceTree = "<group>"; };
		55CCFF322BC21A090093A6B3 /* Launch Screen.storyboard */ = {isa = PBXFileReference; lastKnownFileType = file.storyboard; path = "Launch Screen.storyboard"; sourceTree = "<group>"; };
		55CCFF342BC2F9890093A6B3 /* MainView.swift */ = {isa = PBXFileReference; lastKnownFileType = sourcecode.swift; path = MainView.swift; sourceTree = "<group>"; };
/* End PBXFileReference section */

/* Begin PBXFrameworksBuildPhase section */
		55BCF4762BC1A07D00DE071C /* Frameworks */ = {
			isa = PBXFrameworksBuildPhase;
			buildActionMask = 2147483647;
			files = (
			);
			runOnlyForDeploymentPostprocessing = 0;
		};
		55BCF4882BC1A07F00DE071C /* Frameworks */ = {
			isa = PBXFrameworksBuildPhase;
			buildActionMask = 2147483647;
			files = (
			);
			runOnlyForDeploymentPostprocessing = 0;
		};
		55BCF4922BC1A07F00DE071C /* Frameworks */ = {
			isa = PBXFrameworksBuildPhase;
			buildActionMask = 2147483647;
			files = (
			);
			runOnlyForDeploymentPostprocessing = 0;
		};
/* End PBXFrameworksBuildPhase section */

/* Begin PBXGroup section */
		55BCF4702BC1A07D00DE071C = {
			isa = PBXGroup;
			children = (
				55BCF4A82BC1A0ED00DE071C /* README.md */,
				55BCF47B2BC1A07D00DE071C /* RCVR */,
				55BCF48E2BC1A07F00DE071C /* RCVRTests */,
				55BCF4982BC1A07F00DE071C /* RCVRUITests */,
				55BCF47A2BC1A07D00DE071C /* Products */,
			);
			sourceTree = "<group>";
		};
		55BCF47A2BC1A07D00DE071C /* Products */ = {
			isa = PBXGroup;
			children = (
				55BCF4792BC1A07D00DE071C /* RCVR.app */,
				55BCF48B2BC1A07F00DE071C /* RCVRTests.xctest */,
				55BCF4952BC1A07F00DE071C /* RCVRUITests.xctest */,
			);
			name = Products;
			sourceTree = "<group>";
		};
		55BCF47B2BC1A07D00DE071C /* RCVR */ = {
			isa = PBXGroup;
			children = (
				55BCF4AA2BC20B6A00DE071C /* Features */,
				55BCF47C2BC1A07D00DE071C /* RCVRApp.swift */,
				55BCF4822BC1A07F00DE071C /* Assets.xcassets */,
				55BCF4842BC1A07F00DE071C /* Preview Content */,
				55CCFF322BC21A090093A6B3 /* Launch Screen.storyboard */,
				55CCFF342BC2F9890093A6B3 /* MainView.swift */,
			);
			path = RCVR;
			sourceTree = "<group>";
		};
		55BCF4842BC1A07F00DE071C /* Preview Content */ = {
			isa = PBXGroup;
			children = (
				55BCF4852BC1A07F00DE071C /* Preview Assets.xcassets */,
			);
			path = "Preview Content";
			sourceTree = "<group>";
		};
		55BCF48E2BC1A07F00DE071C /* RCVRTests */ = {
			isa = PBXGroup;
			children = (
				55BCF48F2BC1A07F00DE071C /* RCVRTests.swift */,
			);
			path = RCVRTests;
			sourceTree = "<group>";
		};
		55BCF4982BC1A07F00DE071C /* RCVRUITests */ = {
			isa = PBXGroup;
			children = (
				55BCF4992BC1A07F00DE071C /* RCVRUITests.swift */,
				55BCF49B2BC1A07F00DE071C /* RCVRUITestsLaunchTests.swift */,
			);
			path = RCVRUITests;
			sourceTree = "<group>";
		};
		55BCF4AA2BC20B6A00DE071C /* Features */ = {
			isa = PBXGroup;
			children = (
				55BCF4AD2BC20B9500DE071C /* Medications */,
				55BCF4AC2BC20B8A00DE071C /* Contemplations */,
				55BCF4AB2BC20B7E00DE071C /* Workouts */,
				55BCF4AE2BC20BF300DE071C /* Activity.swift */,
			);
			path = Features;
			sourceTree = "<group>";
		};
		55BCF4AB2BC20B7E00DE071C /* Workouts */ = {
			isa = PBXGroup;
			children = (
				55BCF4C02BC20F4400DE071C /* Workout.swift */,
				55BCF4C22BC20FE300DE071C /* WorkoutView.swift */,
				55BCF4C42BC2101100DE071C /* LogWorkoutView.swift */,
				55BCF4C62BC2104200DE071C /* WorkoutHistoryView.swift */,
			);
			path = Workouts;
			sourceTree = "<group>";
		};
		55BCF4AC2BC20B8A00DE071C /* Contemplations */ = {
			isa = PBXGroup;
			children = (
				55BCF4B82BC20E1800DE071C /* Contemplation.swift */,
				55BCF4BA2BC20E3C00DE071C /* ContemplationView.swift */,
				55BCF4BC2BC20EA600DE071C /* LogContemplationView.swift */,
				55BCF4BE2BC20EDB00DE071C /* ContemplationsHistoryView.swift */,
			);
			path = Contemplations;
			sourceTree = "<group>";
		};
		55BCF4AD2BC20B9500DE071C /* Medications */ = {
			isa = PBXGroup;
			children = (
				55BCF4B02BC20C3B00DE071C /* Medication.swift */,
				55BCF4B22BC20C7300DE071C /* MedicationsView.swift */,
				55BCF4B42BC20CF300DE071C /* LogMedicationView.swift */,
				55BCF4B62BC20DCC00DE071C /* MedicationHistoryView.swift */,
			);
			path = Medications;
			sourceTree = "<group>";
		};
/* End PBXGroup section */

/* Begin PBXNativeTarget section */
		55BCF4782BC1A07D00DE071C /* RCVR */ = {
			isa = PBXNativeTarget;
			buildConfigurationList = 55BCF49F2BC1A07F00DE071C /* Build configuration list for PBXNativeTarget "RCVR" */;
			buildPhases = (
				55BCF4752BC1A07D00DE071C /* Sources */,
				55BCF4762BC1A07D00DE071C /* Frameworks */,
				55BCF4772BC1A07D00DE071C /* Resources */,
			);
			buildRules = (
			);
			dependencies = (
			);
			name = RCVR;
			productName = RCVR;
			productReference = 55BCF4792BC1A07D00DE071C /* RCVR.app */;
			productType = "com.apple.product-type.application";
		};
		55BCF48A2BC1A07F00DE071C /* RCVRTests */ = {
			isa = PBXNativeTarget;
			buildConfigurationList = 55BCF4A22BC1A07F00DE071C /* Build configuration list for PBXNativeTarget "RCVRTests" */;
			buildPhases = (
				55BCF4872BC1A07F00DE071C /* Sources */,
				55BCF4882BC1A07F00DE071C /* Frameworks */,
				55BCF4892BC1A07F00DE071C /* Resources */,
			);
			buildRules = (
			);
			dependencies = (
				55BCF48D2BC1A07F00DE071C /* PBXTargetDependency */,
			);
			name = RCVRTests;
			productName = RCVRTests;
			productReference = 55BCF48B2BC1A07F00DE071C /* RCVRTests.xctest */;
			productType = "com.apple.product-type.bundle.unit-test";
		};
		55BCF4942BC1A07F00DE071C /* RCVRUITests */ = {
			isa = PBXNativeTarget;
			buildConfigurationList = 55BCF4A52BC1A07F00DE071C /* Build configuration list for PBXNativeTarget "RCVRUITests" */;
			buildPhases = (
				55BCF4912BC1A07F00DE071C /* Sources */,
				55BCF4922BC1A07F00DE071C /* Frameworks */,
				55BCF4932BC1A07F00DE071C /* Resources */,
			);
			buildRules = (
			);
			dependencies = (
				55BCF4972BC1A07F00DE071C /* PBXTargetDependency */,
			);
			name = RCVRUITests;
			productName = RCVRUITests;
			productReference = 55BCF4952BC1A07F00DE071C /* RCVRUITests.xctest */;
			productType = "com.apple.product-type.bundle.ui-testing";
		};
/* End PBXNativeTarget section */

/* Begin PBXProject section */
		55BCF4712BC1A07D00DE071C /* Project object */ = {
			isa = PBXProject;
			attributes = {
				BuildIndependentTargetsInParallel = 1;
				LastSwiftUpdateCheck = 1530;
				LastUpgradeCheck = 1530;
				TargetAttributes = {
					55BCF4782BC1A07D00DE071C = {
						CreatedOnToolsVersion = 15.3;
					};
					55BCF48A2BC1A07F00DE071C = {
						CreatedOnToolsVersion = 15.3;
						TestTargetID = 55BCF4782BC1A07D00DE071C;
					};
					55BCF4942BC1A07F00DE071C = {
						CreatedOnToolsVersion = 15.3;
						TestTargetID = 55BCF4782BC1A07D00DE071C;
					};
				};
			};
			buildConfigurationList = 55BCF4742BC1A07D00DE071C /* Build configuration list for PBXProject "RCVR" */;
			compatibilityVersion = "Xcode 14.0";
			developmentRegion = en;
			hasScannedForEncodings = 0;
			knownRegions = (
				en,
				Base,
			);
			mainGroup = 55BCF4702BC1A07D00DE071C;
			productRefGroup = 55BCF47A2BC1A07D00DE071C /* Products */;
			projectDirPath = "";
			projectRoot = "";
			targets = (
				55BCF4782BC1A07D00DE071C /* RCVR */,
				55BCF48A2BC1A07F00DE071C /* RCVRTests */,
				55BCF4942BC1A07F00DE071C /* RCVRUITests */,
			);
		};
/* End PBXProject section */

/* Begin PBXResourcesBuildPhase section */
		55BCF4772BC1A07D00DE071C /* Resources */ = {
			isa = PBXResourcesBuildPhase;
			buildActionMask = 2147483647;
			files = (
				55BCF4A92BC1A0ED00DE071C /* README.md in Resources */,
				55BCF4862BC1A07F00DE071C /* Preview Assets.xcassets in Resources */,
				55CCFF332BC21A090093A6B3 /* Launch Screen.storyboard in Resources */,
				55BCF4832BC1A07F00DE071C /* Assets.xcassets in Resources */,
			);
			runOnlyForDeploymentPostprocessing = 0;
		};
		55BCF4892BC1A07F00DE071C /* Resources */ = {
			isa = PBXResourcesBuildPhase;
			buildActionMask = 2147483647;
			files = (
			);
			runOnlyForDeploymentPostprocessing = 0;
		};
		55BCF4932BC1A07F00DE071C /* Resources */ = {
			isa = PBXResourcesBuildPhase;
			buildActionMask = 2147483647;
			files = (
			);
			runOnlyForDeploymentPostprocessing = 0;
		};
/* End PBXResourcesBuildPhase section */

/* Begin PBXSourcesBuildPhase section */
		55BCF4752BC1A07D00DE071C /* Sources */ = {
			isa = PBXSourcesBuildPhase;
			buildActionMask = 2147483647;
			files = (
				55BCF4C32BC20FE300DE071C /* WorkoutView.swift in Sources */,
				55BCF4BD2BC20EA600DE071C /* LogContemplationView.swift in Sources */,
				55BCF4BB2BC20E3C00DE071C /* ContemplationView.swift in Sources */,
				55BCF4B92BC20E1800DE071C /* Contemplation.swift in Sources */,
				55BCF4C12BC20F4400DE071C /* Workout.swift in Sources */,
				55BCF4BF2BC20EDB00DE071C /* ContemplationsHistoryView.swift in Sources */,
				55BCF4B72BC20DCC00DE071C /* MedicationHistoryView.swift in Sources */,
				55BCF4B12BC20C3B00DE071C /* Medication.swift in Sources */,
				55BCF4B32BC20C7300DE071C /* MedicationsView.swift in Sources */,
				55BCF4C72BC2104200DE071C /* WorkoutHistoryView.swift in Sources */,
				55BCF4C52BC2101100DE071C /* LogWorkoutView.swift in Sources */,
				55BCF4AF2BC20BF300DE071C /* Activity.swift in Sources */,
				55BCF4B52BC20CF300DE071C /* LogMedicationView.swift in Sources */,
				55CCFF352BC2F9890093A6B3 /* MainView.swift in Sources */,
				55BCF47D2BC1A07D00DE071C /* RCVRApp.swift in Sources */,
			);
			runOnlyForDeploymentPostprocessing = 0;
		};
		55BCF4872BC1A07F00DE071C /* Sources */ = {
			isa = PBXSourcesBuildPhase;
			buildActionMask = 2147483647;
			files = (
				55BCF4902BC1A07F00DE071C /* RCVRTests.swift in Sources */,
			);
			runOnlyForDeploymentPostprocessing = 0;
		};
		55BCF4912BC1A07F00DE071C /* Sources */ = {
			isa = PBXSourcesBuildPhase;
			buildActionMask = 2147483647;
			files = (
				55BCF49A2BC1A07F00DE071C /* RCVRUITests.swift in Sources */,
				55BCF49C2BC1A07F00DE071C /* RCVRUITestsLaunchTests.swift in Sources */,
			);
			runOnlyForDeploymentPostprocessing = 0;
		};
/* End PBXSourcesBuildPhase section */

/* Begin PBXTargetDependency section */
		55BCF48D2BC1A07F00DE071C /* PBXTargetDependency */ = {
			isa = PBXTargetDependency;
			target = 55BCF4782BC1A07D00DE071C /* RCVR */;
			targetProxy = 55BCF48C2BC1A07F00DE071C /* PBXContainerItemProxy */;
		};
		55BCF4972BC1A07F00DE071C /* PBXTargetDependency */ = {
			isa = PBXTargetDependency;
			target = 55BCF4782BC1A07D00DE071C /* RCVR */;
			targetProxy = 55BCF4962BC1A07F00DE071C /* PBXContainerItemProxy */;
		};
/* End PBXTargetDependency section */

/* Begin XCBuildConfiguration section */
		55BCF49D2BC1A07F00DE071C /* Debug */ = {
			isa = XCBuildConfiguration;
			buildSettings = {
				ALWAYS_SEARCH_USER_PATHS = NO;
				ASSETCATALOG_COMPILER_GENERATE_SWIFT_ASSET_SYMBOL_EXTENSIONS = YES;
				CLANG_ANALYZER_NONNULL = YES;
				CLANG_ANALYZER_NUMBER_OBJECT_CONVERSION = YES_AGGRESSIVE;
				CLANG_CXX_LANGUAGE_STANDARD = "gnu++20";
				CLANG_ENABLE_MODULES = YES;
				CLANG_ENABLE_OBJC_ARC = YES;
				CLANG_ENABLE_OBJC_WEAK = YES;
				CLANG_WARN_BLOCK_CAPTURE_AUTORELEASING = YES;
				CLANG_WARN_BOOL_CONVERSION = YES;
				CLANG_WARN_COMMA = YES;
				CLANG_WARN_CONSTANT_CONVERSION = YES;
				CLANG_WARN_DEPRECATED_OBJC_IMPLEMENTATIONS = YES;
				CLANG_WARN_DIRECT_OBJC_ISA_USAGE = YES_ERROR;
				CLANG_WARN_DOCUMENTATION_COMMENTS = YES;
				CLANG_WARN_EMPTY_BODY = YES;
				CLANG_WARN_ENUM_CONVERSION = YES;
				CLANG_WARN_INFINITE_RECURSION = YES;
				CLANG_WARN_INT_CONVERSION = YES;
				CLANG_WARN_NON_LITERAL_NULL_CONVERSION = YES;
				CLANG_WARN_OBJC_IMPLICIT_RETAIN_SELF = YES;
				CLANG_WARN_OBJC_LITERAL_CONVERSION = YES;
				CLANG_WARN_OBJC_ROOT_CLASS = YES_ERROR;
				CLANG_WARN_QUOTED_INCLUDE_IN_FRAMEWORK_HEADER = YES;
				CLANG_WARN_RANGE_LOOP_ANALYSIS = YES;
				CLANG_WARN_STRICT_PROTOTYPES = YES;
				CLANG_WARN_SUSPICIOUS_MOVE = YES;
				CLANG_WARN_UNGUARDED_AVAILABILITY = YES_AGGRESSIVE;
				CLANG_WARN_UNREACHABLE_CODE = YES;
				CLANG_WARN__DUPLICATE_METHOD_MATCH = YES;
				COPY_PHASE_STRIP = NO;
				DEBUG_INFORMATION_FORMAT = dwarf;
				ENABLE_STRICT_OBJC_MSGSEND = YES;
				ENABLE_TESTABILITY = YES;
				ENABLE_USER_SCRIPT_SANDBOXING = YES;
				GCC_C_LANGUAGE_STANDARD = gnu17;
				GCC_DYNAMIC_NO_PIC = NO;
				GCC_NO_COMMON_BLOCKS = YES;
				GCC_OPTIMIZATION_LEVEL = 0;
				GCC_PREPROCESSOR_DEFINITIONS = (
					"DEBUG=1",
					"$(inherited)",
				);
				GCC_WARN_64_TO_32_BIT_CONVERSION = YES;
				GCC_WARN_ABOUT_RETURN_TYPE = YES_ERROR;
				GCC_WARN_UNDECLARED_SELECTOR = YES;
				GCC_WARN_UNINITIALIZED_AUTOS = YES_AGGRESSIVE;
				GCC_WARN_UNUSED_FUNCTION = YES;
				GCC_WARN_UNUSED_VARIABLE = YES;
				IPHONEOS_DEPLOYMENT_TARGET = 17.4;
				LOCALIZATION_PREFERS_STRING_CATALOGS = YES;
				MTL_ENABLE_DEBUG_INFO = INCLUDE_SOURCE;
				MTL_FAST_MATH = YES;
				ONLY_ACTIVE_ARCH = YES;
				SDKROOT = iphoneos;
				SWIFT_ACTIVE_COMPILATION_CONDITIONS = "DEBUG $(inherited)";
				SWIFT_OPTIMIZATION_LEVEL = "-Onone";
			};
			name = Debug;
		};
		55BCF49E2BC1A07F00DE071C /* Release */ = {
			isa = XCBuildConfiguration;
			buildSettings = {
				ALWAYS_SEARCH_USER_PATHS = NO;
				ASSETCATALOG_COMPILER_GENERATE_SWIFT_ASSET_SYMBOL_EXTENSIONS = YES;
				CLANG_ANALYZER_NONNULL = YES;
				CLANG_ANALYZER_NUMBER_OBJECT_CONVERSION = YES_AGGRESSIVE;
				CLANG_CXX_LANGUAGE_STANDARD = "gnu++20";
				CLANG_ENABLE_MODULES = YES;
				CLANG_ENABLE_OBJC_ARC = YES;
				CLANG_ENABLE_OBJC_WEAK = YES;
				CLANG_WARN_BLOCK_CAPTURE_AUTORELEASING = YES;
				CLANG_WARN_BOOL_CONVERSION = YES;
				CLANG_WARN_COMMA = YES;
				CLANG_WARN_CONSTANT_CONVERSION = YES;
				CLANG_WARN_DEPRECATED_OBJC_IMPLEMENTATIONS = YES;
				CLANG_WARN_DIRECT_OBJC_ISA_USAGE = YES_ERROR;
				CLANG_WARN_DOCUMENTATION_COMMENTS = YES;
				CLANG_WARN_EMPTY_BODY = YES;
				CLANG_WARN_ENUM_CONVERSION = YES;
				CLANG_WARN_INFINITE_RECURSION = YES;
				CLANG_WARN_INT_CONVERSION = YES;
				CLANG_WARN_NON_LITERAL_NULL_CONVERSION = YES;
				CLANG_WARN_OBJC_IMPLICIT_RETAIN_SELF = YES;
				CLANG_WARN_OBJC_LITERAL_CONVERSION = YES;
				CLANG_WARN_OBJC_ROOT_CLASS = YES_ERROR;
				CLANG_WARN_QUOTED_INCLUDE_IN_FRAMEWORK_HEADER = YES;
				CLANG_WARN_RANGE_LOOP_ANALYSIS = YES;
				CLANG_WARN_STRICT_PROTOTYPES = YES;
				CLANG_WARN_SUSPICIOUS_MOVE = YES;
				CLANG_WARN_UNGUARDED_AVAILABILITY = YES_AGGRESSIVE;
				CLANG_WARN_UNREACHABLE_CODE = YES;
				CLANG_WARN__DUPLICATE_METHOD_MATCH = YES;
				COPY_PHASE_STRIP = NO;
				DEBUG_INFORMATION_FORMAT = "dwarf-with-dsym";
				ENABLE_NS_ASSERTIONS = NO;
				ENABLE_STRICT_OBJC_MSGSEND = YES;
				ENABLE_USER_SCRIPT_SANDBOXING = YES;
				GCC_C_LANGUAGE_STANDARD = gnu17;
				GCC_NO_COMMON_BLOCKS = YES;
				GCC_WARN_64_TO_32_BIT_CONVERSION = YES;
				GCC_WARN_ABOUT_RETURN_TYPE = YES_ERROR;
				GCC_WARN_UNDECLARED_SELECTOR = YES;
				GCC_WARN_UNINITIALIZED_AUTOS = YES_AGGRESSIVE;
				GCC_WARN_UNUSED_FUNCTION = YES;
				GCC_WARN_UNUSED_VARIABLE = YES;
				IPHONEOS_DEPLOYMENT_TARGET = 17.4;
				LOCALIZATION_PREFERS_STRING_CATALOGS = YES;
				MTL_ENABLE_DEBUG_INFO = NO;
				MTL_FAST_MATH = YES;
				SDKROOT = iphoneos;
				SWIFT_COMPILATION_MODE = wholemodule;
				VALIDATE_PRODUCT = YES;
			};
			name = Release;
		};
		55BCF4A02BC1A07F00DE071C /* Debug */ = {
			isa = XCBuildConfiguration;
			buildSettings = {
				ASSETCATALOG_COMPILER_APPICON_NAME = AppIcon;
				ASSETCATALOG_COMPILER_GLOBAL_ACCENT_COLOR_NAME = AccentColor;
				CODE_SIGN_STYLE = Automatic;
				CURRENT_PROJECT_VERSION = 1;
				DEVELOPMENT_ASSET_PATHS = "\"RCVR/Preview Content\"";
				DEVELOPMENT_TEAM = P7FYQ2HW53;
				ENABLE_PREVIEWS = YES;
				GENERATE_INFOPLIST_FILE = YES;
				INFOPLIST_KEY_CFBundleDisplayName = RCVR;
				INFOPLIST_KEY_LSApplicationCategoryType = "public.app-category.healthcare-fitness";
				INFOPLIST_KEY_UIApplicationSceneManifest_Generation = YES;
				INFOPLIST_KEY_UIApplicationSupportsIndirectInputEvents = YES;
				INFOPLIST_KEY_UILaunchScreen_Generation = YES;
				INFOPLIST_KEY_UILaunchStoryboardName = "Launch Screen.storyboard";
				INFOPLIST_KEY_UISupportedInterfaceOrientations_iPad = "UIInterfaceOrientationPortrait UIInterfaceOrientationPortraitUpsideDown UIInterfaceOrientationLandscapeLeft UIInterfaceOrientationLandscapeRight";
				INFOPLIST_KEY_UISupportedInterfaceOrientations_iPhone = "UIInterfaceOrientationPortrait UIInterfaceOrientationLandscapeLeft UIInterfaceOrientationLandscapeRight";
				IPHONEOS_DEPLOYMENT_TARGET = 17.4;
				LD_RUNPATH_SEARCH_PATHS = (
					"$(inherited)",
					"@executable_path/Frameworks",
				);
				MARKETING_VERSION = 1.0;
				PRODUCT_BUNDLE_IDENTIFIER = com.Richard.RCVR;
				PRODUCT_NAME = "$(TARGET_NAME)";
				SWIFT_EMIT_LOC_STRINGS = YES;
				SWIFT_VERSION = 5.0;
				TARGETED_DEVICE_FAMILY = "1,2";
			};
			name = Debug;
		};
		55BCF4A12BC1A07F00DE071C /* Release */ = {
			isa = XCBuildConfiguration;
			buildSettings = {
				ASSETCATALOG_COMPILER_APPICON_NAME = AppIcon;
				ASSETCATALOG_COMPILER_GLOBAL_ACCENT_COLOR_NAME = AccentColor;
				CODE_SIGN_STYLE = Automatic;
				CURRENT_PROJECT_VERSION = 1;
				DEVELOPMENT_ASSET_PATHS = "\"RCVR/Preview Content\"";
				DEVELOPMENT_TEAM = P7FYQ2HW53;
				ENABLE_PREVIEWS = YES;
				GENERATE_INFOPLIST_FILE = YES;
				INFOPLIST_KEY_CFBundleDisplayName = RCVR;
				INFOPLIST_KEY_LSApplicationCategoryType = "public.app-category.healthcare-fitness";
				INFOPLIST_KEY_UIApplicationSceneManifest_Generation = YES;
				INFOPLIST_KEY_UIApplicationSupportsIndirectInputEvents = YES;
				INFOPLIST_KEY_UILaunchScreen_Generation = YES;
				INFOPLIST_KEY_UILaunchStoryboardName = "Launch Screen.storyboard";
				INFOPLIST_KEY_UISupportedInterfaceOrientations_iPad = "UIInterfaceOrientationPortrait UIInterfaceOrientationPortraitUpsideDown UIInterfaceOrientationLandscapeLeft UIInterfaceOrientationLandscapeRight";
				INFOPLIST_KEY_UISupportedInterfaceOrientations_iPhone = "UIInterfaceOrientationPortrait UIInterfaceOrientationLandscapeLeft UIInterfaceOrientationLandscapeRight";
				IPHONEOS_DEPLOYMENT_TARGET = 17.4;
				LD_RUNPATH_SEARCH_PATHS = (
					"$(inherited)",
					"@executable_path/Frameworks",
				);
				MARKETING_VERSION = 1.0;
				PRODUCT_BUNDLE_IDENTIFIER = com.Richard.RCVR;
				PRODUCT_NAME = "$(TARGET_NAME)";
				SWIFT_EMIT_LOC_STRINGS = YES;
				SWIFT_VERSION = 5.0;
				TARGETED_DEVICE_FAMILY = "1,2";
			};
			name = Release;
		};
		55BCF4A32BC1A07F00DE071C /* Debug */ = {
			isa = XCBuildConfiguration;
			buildSettings = {
				ALWAYS_EMBED_SWIFT_STANDARD_LIBRARIES = YES;
				BUNDLE_LOADER = "$(TEST_HOST)";
				CODE_SIGN_STYLE = Automatic;
				CURRENT_PROJECT_VERSION = 1;
				DEVELOPMENT_TEAM = P7FYQ2HW53;
				GENERATE_INFOPLIST_FILE = YES;
				IPHONEOS_DEPLOYMENT_TARGET = 17.4;
				MARKETING_VERSION = 1.0;
				PRODUCT_BUNDLE_IDENTIFIER = com.Richard.RCVRTests;
				PRODUCT_NAME = "$(TARGET_NAME)";
				SWIFT_EMIT_LOC_STRINGS = NO;
				SWIFT_VERSION = 5.0;
				TARGETED_DEVICE_FAMILY = "1,2";
				TEST_HOST = "$(BUILT_PRODUCTS_DIR)/RCVR.app/$(BUNDLE_EXECUTABLE_FOLDER_PATH)/RCVR";
			};
			name = Debug;
		};
		55BCF4A42BC1A07F00DE071C /* Release */ = {
			isa = XCBuildConfiguration;
			buildSettings = {
				ALWAYS_EMBED_SWIFT_STANDARD_LIBRARIES = YES;
				BUNDLE_LOADER = "$(TEST_HOST)";
				CODE_SIGN_STYLE = Automatic;
				CURRENT_PROJECT_VERSION = 1;
				DEVELOPMENT_TEAM = P7FYQ2HW53;
				GENERATE_INFOPLIST_FILE = YES;
				IPHONEOS_DEPLOYMENT_TARGET = 17.4;
				MARKETING_VERSION = 1.0;
				PRODUCT_BUNDLE_IDENTIFIER = com.Richard.RCVRTests;
				PRODUCT_NAME = "$(TARGET_NAME)";
				SWIFT_EMIT_LOC_STRINGS = NO;
				SWIFT_VERSION = 5.0;
				TARGETED_DEVICE_FAMILY = "1,2";
				TEST_HOST = "$(BUILT_PRODUCTS_DIR)/RCVR.app/$(BUNDLE_EXECUTABLE_FOLDER_PATH)/RCVR";
			};
			name = Release;
		};
		55BCF4A62BC1A07F00DE071C /* Debug */ = {
			isa = XCBuildConfiguration;
			buildSettings = {
				ALWAYS_EMBED_SWIFT_STANDARD_LIBRARIES = YES;
				CODE_SIGN_STYLE = Automatic;
				CURRENT_PROJECT_VERSION = 1;
				DEVELOPMENT_TEAM = P7FYQ2HW53;
				GENERATE_INFOPLIST_FILE = YES;
				MARKETING_VERSION = 1.0;
				PRODUCT_BUNDLE_IDENTIFIER = com.Richard.RCVRUITests;
				PRODUCT_NAME = "$(TARGET_NAME)";
				SWIFT_EMIT_LOC_STRINGS = NO;
				SWIFT_VERSION = 5.0;
				TARGETED_DEVICE_FAMILY = "1,2";
				TEST_TARGET_NAME = RCVR;
			};
			name = Debug;
		};
		55BCF4A72BC1A07F00DE071C /* Release */ = {
			isa = XCBuildConfiguration;
			buildSettings = {
				ALWAYS_EMBED_SWIFT_STANDARD_LIBRARIES = YES;
				CODE_SIGN_STYLE = Automatic;
				CURRENT_PROJECT_VERSION = 1;
				DEVELOPMENT_TEAM = P7FYQ2HW53;
				GENERATE_INFOPLIST_FILE = YES;
				MARKETING_VERSION = 1.0;
				PRODUCT_BUNDLE_IDENTIFIER = com.Richard.RCVRUITests;
				PRODUCT_NAME = "$(TARGET_NAME)";
				SWIFT_EMIT_LOC_STRINGS = NO;
				SWIFT_VERSION = 5.0;
				TARGETED_DEVICE_FAMILY = "1,2";
				TEST_TARGET_NAME = RCVR;
			};
			name = Release;
		};
/* End XCBuildConfiguration section */

/* Begin XCConfigurationList section */
		55BCF4742BC1A07D00DE071C /* Build configuration list for PBXProject "RCVR" */ = {
			isa = XCConfigurationList;
			buildConfigurations = (
				55BCF49D2BC1A07F00DE071C /* Debug */,
				55BCF49E2BC1A07F00DE071C /* Release */,
			);
			defaultConfigurationIsVisible = 0;
			defaultConfigurationName = Release;
		};
		55BCF49F2BC1A07F00DE071C /* Build configuration list for PBXNativeTarget "RCVR" */ = {
			isa = XCConfigurationList;
			buildConfigurations = (
				55BCF4A02BC1A07F00DE071C /* Debug */,
				55BCF4A12BC1A07F00DE071C /* Release */,
			);
			defaultConfigurationIsVisible = 0;
			defaultConfigurationName = Release;
		};
		55BCF4A22BC1A07F00DE071C /* Build configuration list for PBXNativeTarget "RCVRTests" */ = {
			isa = XCConfigurationList;
			buildConfigurations = (
				55BCF4A32BC1A07F00DE071C /* Debug */,
				55BCF4A42BC1A07F00DE071C /* Release */,
			);
			defaultConfigurationIsVisible = 0;
			defaultConfigurationName = Release;
		};
		55BCF4A52BC1A07F00DE071C /* Build configuration list for PBXNativeTarget "RCVRUITests" */ = {
			isa = XCConfigurationList;
			buildConfigurations = (
				55BCF4A62BC1A07F00DE071C /* Debug */,
				55BCF4A72BC1A07F00DE071C /* Release */,
			);
			defaultConfigurationIsVisible = 0;
			defaultConfigurationName = Release;
		};
/* End XCConfigurationList section */
	};
	rootObject = 55BCF4712BC1A07D00DE071C /* Project object */;
}
